// !$*UTF8*$!
{
	archiveVersion = 1;
	classes = {
	};
	objectVersion = 52;
	objects = {

/* Begin PBXBuildFile section */
		06397497784181666B6C4BBC /* FeatureContainer.swift in Sources */ = {isa = PBXBuildFile; fileRef = 4C82B583547F0BFDE2F23430 /* FeatureContainer.swift */; };
		35CA31915E120E94547113A5 /* CoreNetwork.framework in Frameworks */ = {isa = PBXBuildFile; fileRef = B6B6B2CF8BA9594289DB07DF /* CoreNetwork.framework */; platformFilter = ios; };
		5A316EC452349F2D64AA7D62 /* GitHubSearch.framework in Frameworks */ = {isa = PBXBuildFile; fileRef = 6C9945538CDE558E34DE6BC4 /* GitHubSearch.framework */; platformFilter = ios; };
		A2FB9CBF8601B81829F5430B /* MainTab.framework in Frameworks */ = {isa = PBXBuildFile; fileRef = 9645825BECC7E3F222D0EB70 /* MainTab.framework */; platformFilter = ios; };
		AD4FD098DF908DEF8C4D6FDA /* CoreContainer.framework in Frameworks */ = {isa = PBXBuildFile; fileRef = 3CE1C88CB05BAF859DA004E9 /* CoreContainer.framework */; platformFilter = ios; };
		D67EE10533542F0F6EED7C8B /* Dependency.framework in Frameworks */ = {isa = PBXBuildFile; fileRef = DBC4BD0C7123923CCE041567 /* Dependency.framework */; platformFilter = ios; };
		F377701C69612221DC82F9A8 /* CoreView.framework in Frameworks */ = {isa = PBXBuildFile; fileRef = 4730643554DFBDCA3D9ADBE6 /* CoreView.framework */; platformFilter = ios; };
		F816493441168A942A35D8BC /* GitHubProfile.framework in Frameworks */ = {isa = PBXBuildFile; fileRef = 7C2EAE50DF9C5BDDEA3F9AFB /* GitHubProfile.framework */; platformFilter = ios; };
/* End PBXBuildFile section */

/* Begin PBXCopyFilesBuildPhase section */
		CC22B007E54A783631B739E2 /* Embed Frameworks */ = {
			isa = PBXCopyFilesBuildPhase;
			buildActionMask = 2147483647;
			dstPath = "";
			dstSubfolderSpec = 10;
			files = (
			);
			name = "Embed Frameworks";
			runOnlyForDeploymentPostprocessing = 0;
		};
/* End PBXCopyFilesBuildPhase section */

/* Begin PBXFileReference section */
		3CE1C88CB05BAF859DA004E9 /* CoreContainer.framework */ = {isa = PBXFileReference; explicitFileType = wrapper.framework; includeInIndex = 0; path = CoreContainer.framework; sourceTree = BUILT_PRODUCTS_DIR; };
		4730643554DFBDCA3D9ADBE6 /* CoreView.framework */ = {isa = PBXFileReference; explicitFileType = wrapper.framework; includeInIndex = 0; path = CoreView.framework; sourceTree = BUILT_PRODUCTS_DIR; };
		4C82B583547F0BFDE2F23430 /* FeatureContainer.swift */ = {isa = PBXFileReference; lastKnownFileType = sourcecode.swift; path = FeatureContainer.swift; sourceTree = "<group>"; };
		6C9945538CDE558E34DE6BC4 /* GitHubSearch.framework */ = {isa = PBXFileReference; explicitFileType = wrapper.framework; includeInIndex = 0; path = GitHubSearch.framework; sourceTree = BUILT_PRODUCTS_DIR; };
		7C2EAE50DF9C5BDDEA3F9AFB /* GitHubProfile.framework */ = {isa = PBXFileReference; explicitFileType = wrapper.framework; includeInIndex = 0; path = GitHubProfile.framework; sourceTree = BUILT_PRODUCTS_DIR; };
		7D4B0260E4CDB6FB2CAC0AF2 /* FeatureContainer.framework */ = {isa = PBXFileReference; explicitFileType = wrapper.framework; includeInIndex = 0; path = FeatureContainer.framework; sourceTree = BUILT_PRODUCTS_DIR; };
		9645825BECC7E3F222D0EB70 /* MainTab.framework */ = {isa = PBXFileReference; explicitFileType = wrapper.framework; includeInIndex = 0; path = MainTab.framework; sourceTree = BUILT_PRODUCTS_DIR; };
		B6B6B2CF8BA9594289DB07DF /* CoreNetwork.framework */ = {isa = PBXFileReference; explicitFileType = wrapper.framework; includeInIndex = 0; path = CoreNetwork.framework; sourceTree = BUILT_PRODUCTS_DIR; };
		BE9CDD844DAC7B494952ABE4 /* FeatureContainer-Info.plist */ = {isa = PBXFileReference; lastKnownFileType = text.plist; path = "FeatureContainer-Info.plist"; sourceTree = "<group>"; };
		DBC4BD0C7123923CCE041567 /* Dependency.framework */ = {isa = PBXFileReference; explicitFileType = wrapper.framework; includeInIndex = 0; path = Dependency.framework; sourceTree = BUILT_PRODUCTS_DIR; };
/* End PBXFileReference section */

/* Begin PBXFrameworksBuildPhase section */
		B53C4C385CD974C6BAEFE591 /* Frameworks */ = {
			isa = PBXFrameworksBuildPhase;
			buildActionMask = 2147483647;
			files = (
				AD4FD098DF908DEF8C4D6FDA /* CoreContainer.framework in Frameworks */,
				35CA31915E120E94547113A5 /* CoreNetwork.framework in Frameworks */,
				F377701C69612221DC82F9A8 /* CoreView.framework in Frameworks */,
				D67EE10533542F0F6EED7C8B /* Dependency.framework in Frameworks */,
				F816493441168A942A35D8BC /* GitHubProfile.framework in Frameworks */,
				5A316EC452349F2D64AA7D62 /* GitHubSearch.framework in Frameworks */,
				A2FB9CBF8601B81829F5430B /* MainTab.framework in Frameworks */,
			);
			runOnlyForDeploymentPostprocessing = 0;
		};
/* End PBXFrameworksBuildPhase section */

/* Begin PBXGroup section */
		10841C195BEA0CA565D8271E /* Project */ = {
			isa = PBXGroup;
			children = (
				1520C3B963C53E963CB09802 /* Derived */,
				563E5D30E30854B03FE9E88E /* Sources */,
			);
			name = Project;
			sourceTree = "<group>";
		};
		1520C3B963C53E963CB09802 /* Derived */ = {
			isa = PBXGroup;
			children = (
				F090E5F9AC1DC987D88CE9A0 /* InfoPlists */,
			);
			path = Derived;
			sourceTree = "<group>";
		};
		563E5D30E30854B03FE9E88E /* Sources */ = {
			isa = PBXGroup;
			children = (
				4C82B583547F0BFDE2F23430 /* FeatureContainer.swift */,
			);
			path = Sources;
			sourceTree = "<group>";
		};
		6340FCBD5EAF4819C20C8CE4 /* Frameworks */ = {
			isa = PBXGroup;
			children = (
			);
			name = Frameworks;
			sourceTree = "<group>";
		};
		F064E119F4AF765E93BDD27B = {
			isa = PBXGroup;
			children = (
				10841C195BEA0CA565D8271E /* Project */,
				6340FCBD5EAF4819C20C8CE4 /* Frameworks */,
				F8A6C1251E2FC00A983B2886 /* Products */,
			);
			sourceTree = "<group>";
		};
		F090E5F9AC1DC987D88CE9A0 /* InfoPlists */ = {
			isa = PBXGroup;
			children = (
				BE9CDD844DAC7B494952ABE4 /* FeatureContainer-Info.plist */,
			);
			path = InfoPlists;
			sourceTree = "<group>";
		};
		F8A6C1251E2FC00A983B2886 /* Products */ = {
			isa = PBXGroup;
			children = (
				3CE1C88CB05BAF859DA004E9 /* CoreContainer.framework */,
				B6B6B2CF8BA9594289DB07DF /* CoreNetwork.framework */,
				4730643554DFBDCA3D9ADBE6 /* CoreView.framework */,
				DBC4BD0C7123923CCE041567 /* Dependency.framework */,
				7D4B0260E4CDB6FB2CAC0AF2 /* FeatureContainer.framework */,
				7C2EAE50DF9C5BDDEA3F9AFB /* GitHubProfile.framework */,
				6C9945538CDE558E34DE6BC4 /* GitHubSearch.framework */,
				9645825BECC7E3F222D0EB70 /* MainTab.framework */,
			);
			name = Products;
			sourceTree = "<group>";
		};
/* End PBXGroup section */

/* Begin PBXNativeTarget section */
		6CEFC1C7C79A089C5A9CDCBF /* FeatureContainer */ = {
			isa = PBXNativeTarget;
			buildConfigurationList = 63CE3525071FA9CE8D4BF490 /* Build configuration list for PBXNativeTarget "FeatureContainer" */;
			buildPhases = (
				6BDC1EC8448BF55D2ECEF370 /* Sources */,
				145E6AE610B1BCCC8E233497 /* Resources */,
				CC22B007E54A783631B739E2 /* Embed Frameworks */,
				B53C4C385CD974C6BAEFE591 /* Frameworks */,
			);
			buildRules = (
			);
			dependencies = (
			);
			name = FeatureContainer;
			productName = FeatureContainer;
			productReference = 7D4B0260E4CDB6FB2CAC0AF2 /* FeatureContainer.framework */;
			productType = "com.apple.product-type.framework";
		};
/* End PBXNativeTarget section */

/* Begin PBXProject section */
		7F64112DF52A0AEFC956B2D1 /* Project object */ = {
			isa = PBXProject;
			attributes = {
				TargetAttributes = {
				};
			};
			buildConfigurationList = 420E17814DC1702C6024511C /* Build configuration list for PBXProject "FeatureContainer" */;
			compatibilityVersion = "Xcode 13.0";
			developmentRegion = en;
			hasScannedForEncodings = 0;
			knownRegions = (
				Base,
				en,
			);
			mainGroup = F064E119F4AF765E93BDD27B;
			productRefGroup = F8A6C1251E2FC00A983B2886 /* Products */;
			projectDirPath = "";
			projectRoot = "";
			targets = (
				6CEFC1C7C79A089C5A9CDCBF /* FeatureContainer */,
			);
		};
/* End PBXProject section */

/* Begin PBXResourcesBuildPhase section */
		145E6AE610B1BCCC8E233497 /* Resources */ = {
			isa = PBXResourcesBuildPhase;
			buildActionMask = 2147483647;
			files = (
			);
			runOnlyForDeploymentPostprocessing = 0;
		};
/* End PBXResourcesBuildPhase section */

/* Begin PBXSourcesBuildPhase section */
		6BDC1EC8448BF55D2ECEF370 /* Sources */ = {
			isa = PBXSourcesBuildPhase;
			buildActionMask = 2147483647;
			files = (
				06397497784181666B6C4BBC /* FeatureContainer.swift in Sources */,
			);
			runOnlyForDeploymentPostprocessing = 0;
		};
/* End PBXSourcesBuildPhase section */

/* Begin XCBuildConfiguration section */
		07806780C3B261932103335B /* Debug */ = {
			isa = XCBuildConfiguration;
			buildSettings = {
				CODE_SIGN_IDENTITY = "";
				CURRENT_PROJECT_VERSION = 1;
				DEFINES_MODULE = YES;
				DYLIB_COMPATIBILITY_VERSION = 1;
				DYLIB_CURRENT_VERSION = 1;
				DYLIB_INSTALL_NAME_BASE = "@rpath";
				INFOPLIST_FILE = "Derived/InfoPlists/FeatureContainer-Info.plist";
				INSTALL_PATH = "$(LOCAL_LIBRARY_DIR)/Frameworks";
				IPHONEOS_DEPLOYMENT_TARGET = 13.0;
				LD_RUNPATH_SEARCH_PATHS = (
					"$(inherited)",
					"@executable_path/Frameworks",
					"@loader_path/Frameworks",
				);
				PRODUCT_BUNDLE_IDENTIFIER = com.kjh.assignment.feature.container;
				PRODUCT_NAME = FeatureContainer;
				SDKROOT = iphoneos;
				SKIP_INSTALL = YES;
				SUPPORTS_MACCATALYST = NO;
				SWIFT_ACTIVE_COMPILATION_CONDITIONS = DEBUG;
				SWIFT_COMPILATION_MODE = singlefile;
				SWIFT_OPTIMIZATION_LEVEL = "-Onone";
				SWIFT_VERSION = 5.0;
				TARGETED_DEVICE_FAMILY = 1;
				VERSIONING_SYSTEM = "apple-generic";
				VERSION_INFO_PREFIX = "";
			};
			name = Debug;
		};
		416E62D603CEF8C5AD6C1F8D /* Release */ = {
			isa = XCBuildConfiguration;
			buildSettings = {
				ALWAYS_SEARCH_USER_PATHS = NO;
				CLANG_ANALYZER_LOCALIZABILITY_NONLOCALIZED = YES;
				CLANG_ANALYZER_NONNULL = YES;
				CLANG_ANALYZER_NUMBER_OBJECT_CONVERSION = YES_AGGRESSIVE;
				CLANG_CXX_LANGUAGE_STANDARD = "gnu++14";
				CLANG_CXX_LIBRARY = "libc++";
				CLANG_ENABLE_MODULES = YES;
				CLANG_ENABLE_OBJC_ARC = YES;
				CLANG_ENABLE_OBJC_WEAK = YES;
				CLANG_WARN_BLOCK_CAPTURE_AUTORELEASING = YES;
				CLANG_WARN_BOOL_CONVERSION = YES;
				CLANG_WARN_COMMA = YES;
				CLANG_WARN_CONSTANT_CONVERSION = YES;
				CLANG_WARN_DEPRECATED_OBJC_IMPLEMENTATIONS = YES;
				CLANG_WARN_DIRECT_OBJC_ISA_USAGE = YES_ERROR;
				CLANG_WARN_DOCUMENTATION_COMMENTS = YES;
				CLANG_WARN_EMPTY_BODY = YES;
				CLANG_WARN_ENUM_CONVERSION = YES;
				CLANG_WARN_INFINITE_RECURSION = YES;
				CLANG_WARN_INT_CONVERSION = YES;
				CLANG_WARN_NON_LITERAL_NULL_CONVERSION = YES;
				CLANG_WARN_OBJC_IMPLICIT_RETAIN_SELF = YES;
				CLANG_WARN_OBJC_LITERAL_CONVERSION = YES;
				CLANG_WARN_OBJC_ROOT_CLASS = YES_ERROR;
				CLANG_WARN_QUOTED_INCLUDE_IN_FRAMEWORK_HEADER = YES;
				CLANG_WARN_RANGE_LOOP_ANALYSIS = YES;
				CLANG_WARN_STRICT_PROTOTYPES = YES;
				CLANG_WARN_SUSPICIOUS_MOVE = YES;
				CLANG_WARN_UNGUARDED_AVAILABILITY = YES_AGGRESSIVE;
				CLANG_WARN_UNREACHABLE_CODE = YES;
				CLANG_WARN__DUPLICATE_METHOD_MATCH = YES;
				COPY_PHASE_STRIP = NO;
				DEAD_CODE_STRIPPING = YES;
				DEBUG_INFORMATION_FORMAT = "dwarf-with-dsym";
				ENABLE_NS_ASSERTIONS = NO;
				ENABLE_STRICT_OBJC_MSGSEND = YES;
				GCC_C_LANGUAGE_STANDARD = gnu11;
				GCC_NO_COMMON_BLOCKS = YES;
				GCC_WARN_64_TO_32_BIT_CONVERSION = YES;
				GCC_WARN_ABOUT_RETURN_TYPE = YES_ERROR;
				GCC_WARN_UNDECLARED_SELECTOR = YES;
				GCC_WARN_UNINITIALIZED_AUTOS = YES_AGGRESSIVE;
				GCC_WARN_UNUSED_FUNCTION = YES;
				GCC_WARN_UNUSED_VARIABLE = YES;
				MTL_ENABLE_DEBUG_INFO = NO;
				PRODUCT_NAME = "$(TARGET_NAME)";
				VALIDATE_PRODUCT = YES;
			};
			name = Release;
		};
		4E77ED81368687D80276D3CB /* Debug */ = {
			isa = XCBuildConfiguration;
			buildSettings = {
				ALWAYS_SEARCH_USER_PATHS = NO;
				CLANG_ANALYZER_LOCALIZABILITY_NONLOCALIZED = YES;
				CLANG_ANALYZER_NONNULL = YES;
				CLANG_ANALYZER_NUMBER_OBJECT_CONVERSION = YES_AGGRESSIVE;
				CLANG_CXX_LANGUAGE_STANDARD = "gnu++14";
				CLANG_CXX_LIBRARY = "libc++";
				CLANG_ENABLE_MODULES = YES;
				CLANG_ENABLE_OBJC_ARC = YES;
				CLANG_ENABLE_OBJC_WEAK = YES;
				CLANG_WARN_BLOCK_CAPTURE_AUTORELEASING = YES;
				CLANG_WARN_BOOL_CONVERSION = YES;
				CLANG_WARN_COMMA = YES;
				CLANG_WARN_CONSTANT_CONVERSION = YES;
				CLANG_WARN_DEPRECATED_OBJC_IMPLEMENTATIONS = YES;
				CLANG_WARN_DIRECT_OBJC_ISA_USAGE = YES_ERROR;
				CLANG_WARN_DOCUMENTATION_COMMENTS = YES;
				CLANG_WARN_EMPTY_BODY = YES;
				CLANG_WARN_ENUM_CONVERSION = YES;
				CLANG_WARN_INFINITE_RECURSION = YES;
				CLANG_WARN_INT_CONVERSION = YES;
				CLANG_WARN_NON_LITERAL_NULL_CONVERSION = YES;
				CLANG_WARN_OBJC_IMPLICIT_RETAIN_SELF = YES;
				CLANG_WARN_OBJC_LITERAL_CONVERSION = YES;
				CLANG_WARN_OBJC_ROOT_CLASS = YES_ERROR;
				CLANG_WARN_QUOTED_INCLUDE_IN_FRAMEWORK_HEADER = YES;
				CLANG_WARN_RANGE_LOOP_ANALYSIS = YES;
				CLANG_WARN_STRICT_PROTOTYPES = YES;
				CLANG_WARN_SUSPICIOUS_MOVE = YES;
				CLANG_WARN_UNGUARDED_AVAILABILITY = YES_AGGRESSIVE;
				CLANG_WARN_UNREACHABLE_CODE = YES;
				CLANG_WARN__DUPLICATE_METHOD_MATCH = YES;
				COPY_PHASE_STRIP = NO;
				DEAD_CODE_STRIPPING = YES;
				DEBUG_INFORMATION_FORMAT = dwarf;
				ENABLE_STRICT_OBJC_MSGSEND = YES;
				ENABLE_TESTABILITY = YES;
				GCC_C_LANGUAGE_STANDARD = gnu11;
				GCC_DYNAMIC_NO_PIC = NO;
				GCC_NO_COMMON_BLOCKS = YES;
				GCC_OPTIMIZATION_LEVEL = 0;
				GCC_PREPROCESSOR_DEFINITIONS = (
					"DEBUG=1",
					"$(inherited)",
				);
				GCC_WARN_64_TO_32_BIT_CONVERSION = YES;
				GCC_WARN_ABOUT_RETURN_TYPE = YES_ERROR;
				GCC_WARN_UNDECLARED_SELECTOR = YES;
				GCC_WARN_UNINITIALIZED_AUTOS = YES_AGGRESSIVE;
				GCC_WARN_UNUSED_FUNCTION = YES;
				GCC_WARN_UNUSED_VARIABLE = YES;
				MTL_ENABLE_DEBUG_INFO = YES;
				ONLY_ACTIVE_ARCH = YES;
				PRODUCT_NAME = "$(TARGET_NAME)";
			};
			name = Debug;
		};
		C87D089E6D9CBB03974428C7 /* Release */ = {
			isa = XCBuildConfiguration;
			buildSettings = {
				CODE_SIGN_IDENTITY = "";
				CURRENT_PROJECT_VERSION = 1;
				DEFINES_MODULE = YES;
				DYLIB_COMPATIBILITY_VERSION = 1;
				DYLIB_CURRENT_VERSION = 1;
				DYLIB_INSTALL_NAME_BASE = "@rpath";
				INFOPLIST_FILE = "Derived/InfoPlists/FeatureContainer-Info.plist";
				INSTALL_PATH = "$(LOCAL_LIBRARY_DIR)/Frameworks";
				IPHONEOS_DEPLOYMENT_TARGET = 13.0;
				LD_RUNPATH_SEARCH_PATHS = (
					"$(inherited)",
					"@executable_path/Frameworks",
					"@loader_path/Frameworks",
				);
				PRODUCT_BUNDLE_IDENTIFIER = com.kjh.assignment.feature.container;
				PRODUCT_NAME = FeatureContainer;
				SDKROOT = iphoneos;
				SKIP_INSTALL = YES;
				SUPPORTS_MACCATALYST = NO;
				SWIFT_COMPILATION_MODE = wholemodule;
				SWIFT_OPTIMIZATION_LEVEL = "-Owholemodule";
				SWIFT_VERSION = 5.0;
				TARGETED_DEVICE_FAMILY = 1;
				VERSIONING_SYSTEM = "apple-generic";
				VERSION_INFO_PREFIX = "";
			};
			name = Release;
		};
/* End XCBuildConfiguration section */

/* Begin XCConfigurationList section */
		420E17814DC1702C6024511C /* Build configuration list for PBXProject "FeatureContainer" */ = {
			isa = XCConfigurationList;
			buildConfigurations = (
				4E77ED81368687D80276D3CB /* Debug */,
				416E62D603CEF8C5AD6C1F8D /* Release */,
			);
			defaultConfigurationIsVisible = 0;
			defaultConfigurationName = Release;
		};
		63CE3525071FA9CE8D4BF490 /* Build configuration list for PBXNativeTarget "FeatureContainer" */ = {
			isa = XCConfigurationList;
			buildConfigurations = (
				07806780C3B261932103335B /* Debug */,
				C87D089E6D9CBB03974428C7 /* Release */,
			);
			defaultConfigurationIsVisible = 0;
			defaultConfigurationName = Release;
		};
/* End XCConfigurationList section */
	};
	rootObject = 7F64112DF52A0AEFC956B2D1 /* Project object */;
}
