// !$*UTF8*$!
{
	archiveVersion = 1;
	classes = {
	};
	objectVersion = 55;
	objects = {

/* Begin PBXBuildFile section */
		004FD1E183A2F52A4913C9DB /* AppDelegate.swift in Sources */ = {isa = PBXBuildFile; fileRef = 7210F22777D23AD1713BCADE /* AppDelegate.swift */; };
		0847B9BF47CED58DF094F2FD /* CoreContainer.framework in Frameworks */ = {isa = PBXBuildFile; fileRef = FFEA44414E0DEFE43CC89561 /* CoreContainer.framework */; platformFilter = ios; };
		0E231E5AEDF5DE4680721EE5 /* CoreNetwork.framework in Frameworks */ = {isa = PBXBuildFile; fileRef = 33AD5F643502D21B6AA1A02E /* CoreNetwork.framework */; platformFilter = ios; };
		0FDCC9EC468E5605FF5137FD /* Dependency.framework in Embed Frameworks */ = {isa = PBXBuildFile; fileRef = 3ED4C9C0824F2E316F9A8499 /* Dependency.framework */; platformFilter = ios; settings = {ATTRIBUTES = (CodeSignOnCopy, RemoveHeadersOnCopy, ); }; };
		130E8A22CC0315DEC22B1ADC /* FeatureContainer.framework in Frameworks */ = {isa = PBXBuildFile; fileRef = 9751B6BD9378F7A378FC6FC8 /* FeatureContainer.framework */; platformFilter = ios; };
		2E743A6F76CCB6064D781210 /* TuistAssets+App.swift in Sources */ = {isa = PBXBuildFile; fileRef = 95D529DAAF6A9D59C44D9D68 /* TuistAssets+App.swift */; };
		2F6CF7E3C82887F64C83F0DC /* MainTab.framework in Embed Frameworks */ = {isa = PBXBuildFile; fileRef = B754E63AAAFA153DFD33F874 /* MainTab.framework */; platformFilter = ios; settings = {ATTRIBUTES = (CodeSignOnCopy, RemoveHeadersOnCopy, ); }; };
		32AAF1B82856F1D54B0D20D6 /* GitHubProfile.framework in Frameworks */ = {isa = PBXBuildFile; fileRef = 915F81F38DDB81B6798D2BE2 /* GitHubProfile.framework */; platformFilter = ios; };
		364F30A9D5A92F3A0BABF65A /* GitHubProfile.framework in Embed Frameworks */ = {isa = PBXBuildFile; fileRef = 915F81F38DDB81B6798D2BE2 /* GitHubProfile.framework */; platformFilter = ios; settings = {ATTRIBUTES = (CodeSignOnCopy, RemoveHeadersOnCopy, ); }; };
		3A084FA17A208ED4031560FD /* URLNavigationMap.swift in Sources */ = {isa = PBXBuildFile; fileRef = E57550CF4475FA7DF928A9D0 /* URLNavigationMap.swift */; };
		3ED287D24F059FA1A49AD3CD /* Dependency.framework in Frameworks */ = {isa = PBXBuildFile; fileRef = 3ED4C9C0824F2E316F9A8499 /* Dependency.framework */; platformFilter = ios; };
		48469C5111BF762561C9B9B6 /* Assets.xcassets in Resources */ = {isa = PBXBuildFile; fileRef = 8F7F83A194E1D17030DCA033 /* Assets.xcassets */; };
		5EEE7FB2A64B94F8BF60B35F /* FeatureContainer.framework in Embed Frameworks */ = {isa = PBXBuildFile; fileRef = 9751B6BD9378F7A378FC6FC8 /* FeatureContainer.framework */; platformFilter = ios; settings = {ATTRIBUTES = (CodeSignOnCopy, RemoveHeadersOnCopy, ); }; };
		755FC31CDF20327D2920A6FE /* MainTab.framework in Frameworks */ = {isa = PBXBuildFile; fileRef = B754E63AAAFA153DFD33F874 /* MainTab.framework */; platformFilter = ios; };
		80E1B55E5F3E6F35C9614148 /* Container.swift in Sources */ = {isa = PBXBuildFile; fileRef = 84517ED808155BF9B19E30A0 /* Container.swift */; };
		8C556138A2452065A60DD0F7 /* LaunchScreen.storyboard in Resources */ = {isa = PBXBuildFile; fileRef = 2A903DD3AF07C3836F8E6DDD /* LaunchScreen.storyboard */; };
		901E84343CFFD4614D8C81B1 /* CoreContainer.framework in Embed Frameworks */ = {isa = PBXBuildFile; fileRef = FFEA44414E0DEFE43CC89561 /* CoreContainer.framework */; platformFilter = ios; settings = {ATTRIBUTES = (CodeSignOnCopy, RemoveHeadersOnCopy, ); }; };
		AF241BE52F7F79D433336990 /* GitHubSearch.framework in Frameworks */ = {isa = PBXBuildFile; fileRef = 2893AD29F8068C024252535C /* GitHubSearch.framework */; platformFilter = ios; };
		BE19C5C18A068A3233C6C9DD /* GitHubSearch.framework in Embed Frameworks */ = {isa = PBXBuildFile; fileRef = 2893AD29F8068C024252535C /* GitHubSearch.framework */; platformFilter = ios; settings = {ATTRIBUTES = (CodeSignOnCopy, RemoveHeadersOnCopy, ); }; };
		C7CF8E2FBFA55937281128A0 /* CoreView.framework in Embed Frameworks */ = {isa = PBXBuildFile; fileRef = EB65FB23E37DD6B68B951087 /* CoreView.framework */; platformFilter = ios; settings = {ATTRIBUTES = (CodeSignOnCopy, RemoveHeadersOnCopy, ); }; };
		D6594F3E44A99306A74D275C /* CoreView.framework in Frameworks */ = {isa = PBXBuildFile; fileRef = EB65FB23E37DD6B68B951087 /* CoreView.framework */; platformFilter = ios; };
		DB4AC2518A0EE5984D11E1CC /* CoreNetwork.framework in Embed Frameworks */ = {isa = PBXBuildFile; fileRef = 33AD5F643502D21B6AA1A02E /* CoreNetwork.framework */; platformFilter = ios; settings = {ATTRIBUTES = (CodeSignOnCopy, RemoveHeadersOnCopy, ); }; };
		FE078F42728C23B77EE02A1B /* TuistBundle+App.swift in Sources */ = {isa = PBXBuildFile; fileRef = 083CD4D343ECF7F321C1905D /* TuistBundle+App.swift */; };
/* End PBXBuildFile section */

/* Begin PBXCopyFilesBuildPhase section */
		8EFDE6013C818852098745E7 /* Embed Frameworks */ = {
			isa = PBXCopyFilesBuildPhase;
			buildActionMask = 2147483647;
			dstPath = "";
			dstSubfolderSpec = 10;
			files = (
				901E84343CFFD4614D8C81B1 /* CoreContainer.framework in Embed Frameworks */,
				DB4AC2518A0EE5984D11E1CC /* CoreNetwork.framework in Embed Frameworks */,
				C7CF8E2FBFA55937281128A0 /* CoreView.framework in Embed Frameworks */,
				0FDCC9EC468E5605FF5137FD /* Dependency.framework in Embed Frameworks */,
				5EEE7FB2A64B94F8BF60B35F /* FeatureContainer.framework in Embed Frameworks */,
				364F30A9D5A92F3A0BABF65A /* GitHubProfile.framework in Embed Frameworks */,
				BE19C5C18A068A3233C6C9DD /* GitHubSearch.framework in Embed Frameworks */,
				2F6CF7E3C82887F64C83F0DC /* MainTab.framework in Embed Frameworks */,
			);
			name = "Embed Frameworks";
			runOnlyForDeploymentPostprocessing = 0;
		};
/* End PBXCopyFilesBuildPhase section */

/* Begin PBXFileReference section */
		01E1AA015F9EE84780DE15E5 /* App-Info.plist */ = {isa = PBXFileReference; lastKnownFileType = text.plist; path = "App-Info.plist"; sourceTree = "<group>"; };
		083CD4D343ECF7F321C1905D /* TuistBundle+App.swift */ = {isa = PBXFileReference; lastKnownFileType = sourcecode.swift; path = "TuistBundle+App.swift"; sourceTree = "<group>"; };
		2893AD29F8068C024252535C /* GitHubSearch.framework */ = {isa = PBXFileReference; explicitFileType = wrapper.framework; includeInIndex = 0; path = GitHubSearch.framework; sourceTree = BUILT_PRODUCTS_DIR; };
		33AD5F643502D21B6AA1A02E /* CoreNetwork.framework */ = {isa = PBXFileReference; explicitFileType = wrapper.framework; includeInIndex = 0; path = CoreNetwork.framework; sourceTree = BUILT_PRODUCTS_DIR; };
		3ED4C9C0824F2E316F9A8499 /* Dependency.framework */ = {isa = PBXFileReference; explicitFileType = wrapper.framework; includeInIndex = 0; path = Dependency.framework; sourceTree = BUILT_PRODUCTS_DIR; };
		571E08A9083FD4334E4B7D06 /* App.app */ = {isa = PBXFileReference; explicitFileType = wrapper.application; includeInIndex = 0; path = App.app; sourceTree = BUILT_PRODUCTS_DIR; };
		7210F22777D23AD1713BCADE /* AppDelegate.swift */ = {isa = PBXFileReference; lastKnownFileType = sourcecode.swift; path = AppDelegate.swift; sourceTree = "<group>"; };
		84517ED808155BF9B19E30A0 /* Container.swift */ = {isa = PBXFileReference; lastKnownFileType = sourcecode.swift; path = Container.swift; sourceTree = "<group>"; };
		8F7F83A194E1D17030DCA033 /* Assets.xcassets */ = {isa = PBXFileReference; lastKnownFileType = folder.assetcatalog; path = Assets.xcassets; sourceTree = "<group>"; };
		915F81F38DDB81B6798D2BE2 /* GitHubProfile.framework */ = {isa = PBXFileReference; explicitFileType = wrapper.framework; includeInIndex = 0; path = GitHubProfile.framework; sourceTree = BUILT_PRODUCTS_DIR; };
		95D529DAAF6A9D59C44D9D68 /* TuistAssets+App.swift */ = {isa = PBXFileReference; lastKnownFileType = sourcecode.swift; path = "TuistAssets+App.swift"; sourceTree = "<group>"; };
		9751B6BD9378F7A378FC6FC8 /* FeatureContainer.framework */ = {isa = PBXFileReference; explicitFileType = wrapper.framework; includeInIndex = 0; path = FeatureContainer.framework; sourceTree = BUILT_PRODUCTS_DIR; };
		B754E63AAAFA153DFD33F874 /* MainTab.framework */ = {isa = PBXFileReference; explicitFileType = wrapper.framework; includeInIndex = 0; path = MainTab.framework; sourceTree = BUILT_PRODUCTS_DIR; };
		E57550CF4475FA7DF928A9D0 /* URLNavigationMap.swift */ = {isa = PBXFileReference; lastKnownFileType = sourcecode.swift; path = URLNavigationMap.swift; sourceTree = "<group>"; };
		EB65FB23E37DD6B68B951087 /* CoreView.framework */ = {isa = PBXFileReference; explicitFileType = wrapper.framework; includeInIndex = 0; path = CoreView.framework; sourceTree = BUILT_PRODUCTS_DIR; };
		FACE3D28DA775FDEB9FBC06A /* Base */ = {isa = PBXFileReference; lastKnownFileType = file.storyboard; name = Base; path = Base.lproj/LaunchScreen.storyboard; sourceTree = "<group>"; };
		FFEA44414E0DEFE43CC89561 /* CoreContainer.framework */ = {isa = PBXFileReference; explicitFileType = wrapper.framework; includeInIndex = 0; path = CoreContainer.framework; sourceTree = BUILT_PRODUCTS_DIR; };
/* End PBXFileReference section */

/* Begin PBXFrameworksBuildPhase section */
		BC0DC3536DED64E0E8C9923E /* Frameworks */ = {
			isa = PBXFrameworksBuildPhase;
			buildActionMask = 2147483647;
			files = (
				0847B9BF47CED58DF094F2FD /* CoreContainer.framework in Frameworks */,
				0E231E5AEDF5DE4680721EE5 /* CoreNetwork.framework in Frameworks */,
				D6594F3E44A99306A74D275C /* CoreView.framework in Frameworks */,
				3ED287D24F059FA1A49AD3CD /* Dependency.framework in Frameworks */,
				130E8A22CC0315DEC22B1ADC /* FeatureContainer.framework in Frameworks */,
				32AAF1B82856F1D54B0D20D6 /* GitHubProfile.framework in Frameworks */,
				AF241BE52F7F79D433336990 /* GitHubSearch.framework in Frameworks */,
				755FC31CDF20327D2920A6FE /* MainTab.framework in Frameworks */,
			);
			runOnlyForDeploymentPostprocessing = 0;
		};
/* End PBXFrameworksBuildPhase section */

/* Begin PBXGroup section */
		4102E3E068508DD683953C7D = {
			isa = PBXGroup;
			children = (
				52611B11A5E6A7198C4E57A3 /* Project */,
				BDD1182E50DC622819F25364 /* Frameworks */,
				E9C3DB3EC6D7655028A9C0D3 /* Products */,
			);
			sourceTree = "<group>";
		};
		52611B11A5E6A7198C4E57A3 /* Project */ = {
			isa = PBXGroup;
			children = (
				B3BCDE38B26B330C9A04FADE /* Derived */,
				62EFB15EC88C1D2636544B42 /* Resources */,
				858C4E433DBF0294DFED1B0C /* Sources */,
			);
			name = Project;
			sourceTree = "<group>";
		};
		62EFB15EC88C1D2636544B42 /* Resources */ = {
			isa = PBXGroup;
			children = (
				2A903DD3AF07C3836F8E6DDD /* LaunchScreen.storyboard */,
				8F7F83A194E1D17030DCA033 /* Assets.xcassets */,
			);
			path = Resources;
			sourceTree = "<group>";
		};
		66EB57D721CBB7D427955C21 /* InfoPlists */ = {
			isa = PBXGroup;
			children = (
				01E1AA015F9EE84780DE15E5 /* App-Info.plist */,
			);
			path = InfoPlists;
			sourceTree = "<group>";
		};
		858C4E433DBF0294DFED1B0C /* Sources */ = {
			isa = PBXGroup;
			children = (
				7210F22777D23AD1713BCADE /* AppDelegate.swift */,
				84517ED808155BF9B19E30A0 /* Container.swift */,
				E57550CF4475FA7DF928A9D0 /* URLNavigationMap.swift */,
			);
			path = Sources;
			sourceTree = "<group>";
		};
		8919B428B639C6AF4BBFE002 /* Sources */ = {
			isa = PBXGroup;
			children = (
				95D529DAAF6A9D59C44D9D68 /* TuistAssets+App.swift */,
				083CD4D343ECF7F321C1905D /* TuistBundle+App.swift */,
			);
			path = Sources;
			sourceTree = "<group>";
		};
		B3BCDE38B26B330C9A04FADE /* Derived */ = {
			isa = PBXGroup;
			children = (
				66EB57D721CBB7D427955C21 /* InfoPlists */,
				8919B428B639C6AF4BBFE002 /* Sources */,
			);
			path = Derived;
			sourceTree = "<group>";
		};
		BDD1182E50DC622819F25364 /* Frameworks */ = {
			isa = PBXGroup;
			children = (
			);
			name = Frameworks;
			sourceTree = "<group>";
		};
		E9C3DB3EC6D7655028A9C0D3 /* Products */ = {
			isa = PBXGroup;
			children = (
				571E08A9083FD4334E4B7D06 /* App.app */,
				FFEA44414E0DEFE43CC89561 /* CoreContainer.framework */,
				33AD5F643502D21B6AA1A02E /* CoreNetwork.framework */,
				EB65FB23E37DD6B68B951087 /* CoreView.framework */,
				3ED4C9C0824F2E316F9A8499 /* Dependency.framework */,
				9751B6BD9378F7A378FC6FC8 /* FeatureContainer.framework */,
				915F81F38DDB81B6798D2BE2 /* GitHubProfile.framework */,
				2893AD29F8068C024252535C /* GitHubSearch.framework */,
				B754E63AAAFA153DFD33F874 /* MainTab.framework */,
			);
			name = Products;
			sourceTree = "<group>";
		};
/* End PBXGroup section */

/* Begin PBXNativeTarget section */
		93E9E330FC2CE7458D9C925F /* App */ = {
			isa = PBXNativeTarget;
			buildConfigurationList = FFC1863BD4026D2C17CBE82B /* Build configuration list for PBXNativeTarget "App" */;
			buildPhases = (
				B77F0AF073564580D75A2CF1 /* Sources */,
				37BFF6A8CB5CC7FA21AD3FA3 /* Resources */,
				8EFDE6013C818852098745E7 /* Embed Frameworks */,
				BC0DC3536DED64E0E8C9923E /* Frameworks */,
			);
			buildRules = (
			);
			dependencies = (
			);
			name = App;
			productName = App;
			productReference = 571E08A9083FD4334E4B7D06 /* App.app */;
			productType = "com.apple.product-type.application";
		};
/* End PBXNativeTarget section */

/* Begin PBXProject section */
		6B590BF25178DC7D824D09CE /* Project object */ = {
			isa = PBXProject;
			attributes = {
			};
			buildConfigurationList = B3FD05C59F197F398A0B04AB /* Build configuration list for PBXProject "App" */;
			compatibilityVersion = "Xcode 13.0";
			developmentRegion = en;
			hasScannedForEncodings = 0;
			knownRegions = (
				Base,
				en,
			);
			mainGroup = 4102E3E068508DD683953C7D;
			productRefGroup = E9C3DB3EC6D7655028A9C0D3 /* Products */;
			projectDirPath = "";
			projectRoot = "";
			targets = (
				93E9E330FC2CE7458D9C925F /* App */,
			);
		};
/* End PBXProject section */

/* Begin PBXResourcesBuildPhase section */
		37BFF6A8CB5CC7FA21AD3FA3 /* Resources */ = {
			isa = PBXResourcesBuildPhase;
			buildActionMask = 2147483647;
			files = (
				48469C5111BF762561C9B9B6 /* Assets.xcassets in Resources */,
				8C556138A2452065A60DD0F7 /* LaunchScreen.storyboard in Resources */,
			);
			runOnlyForDeploymentPostprocessing = 0;
		};
/* End PBXResourcesBuildPhase section */

/* Begin PBXSourcesBuildPhase section */
		B77F0AF073564580D75A2CF1 /* Sources */ = {
			isa = PBXSourcesBuildPhase;
			buildActionMask = 2147483647;
			files = (
				2E743A6F76CCB6064D781210 /* TuistAssets+App.swift in Sources */,
				FE078F42728C23B77EE02A1B /* TuistBundle+App.swift in Sources */,
				004FD1E183A2F52A4913C9DB /* AppDelegate.swift in Sources */,
				80E1B55E5F3E6F35C9614148 /* Container.swift in Sources */,
				3A084FA17A208ED4031560FD /* URLNavigationMap.swift in Sources */,
			);
			runOnlyForDeploymentPostprocessing = 0;
		};
/* End PBXSourcesBuildPhase section */

/* Begin PBXVariantGroup section */
		2A903DD3AF07C3836F8E6DDD /* LaunchScreen.storyboard */ = {
			isa = PBXVariantGroup;
			children = (
				FACE3D28DA775FDEB9FBC06A /* Base */,
			);
			name = LaunchScreen.storyboard;
			sourceTree = "<group>";
		};
/* End PBXVariantGroup section */

/* Begin XCBuildConfiguration section */
		4A0C935808978B5A7673E412 /* Debug */ = {
			isa = XCBuildConfiguration;
			buildSettings = {
				ASSETCATALOG_COMPILER_APPICON_NAME = AppIcon;
				CODE_SIGN_IDENTITY = "iPhone Developer";
				ENABLE_PREVIEWS = YES;
				INFOPLIST_FILE = "Derived/InfoPlists/App-Info.plist";
				IPHONEOS_DEPLOYMENT_TARGET = 13.0;
				LD_RUNPATH_SEARCH_PATHS = (
					"$(inherited)",
					"@executable_path/Frameworks",
				);
				PRODUCT_BUNDLE_IDENTIFIER = com.kjh.assignment;
				PRODUCT_NAME = App;
				SDKROOT = iphoneos;
				SUPPORTS_MACCATALYST = NO;
				SWIFT_ACTIVE_COMPILATION_CONDITIONS = DEBUG;
				SWIFT_COMPILATION_MODE = singlefile;
				SWIFT_OPTIMIZATION_LEVEL = "-Onone";
				SWIFT_VERSION = 5.0;
				TARGETED_DEVICE_FAMILY = 1;
			};
			name = Debug;
		};
		5C9EF0E6AF4F9491454DE177 /* Release */ = {
			isa = XCBuildConfiguration;
			buildSettings = {
				ALWAYS_SEARCH_USER_PATHS = NO;
				CLANG_ANALYZER_LOCALIZABILITY_NONLOCALIZED = YES;
				CLANG_ANALYZER_NONNULL = YES;
				CLANG_ANALYZER_NUMBER_OBJECT_CONVERSION = YES_AGGRESSIVE;
				CLANG_CXX_LANGUAGE_STANDARD = "gnu++14";
				CLANG_CXX_LIBRARY = "libc++";
				CLANG_ENABLE_MODULES = YES;
				CLANG_ENABLE_OBJC_ARC = YES;
				CLANG_ENABLE_OBJC_WEAK = YES;
				CLANG_WARN_BLOCK_CAPTURE_AUTORELEASING = YES;
				CLANG_WARN_BOOL_CONVERSION = YES;
				CLANG_WARN_COMMA = YES;
				CLANG_WARN_CONSTANT_CONVERSION = YES;
				CLANG_WARN_DEPRECATED_OBJC_IMPLEMENTATIONS = YES;
				CLANG_WARN_DIRECT_OBJC_ISA_USAGE = YES_ERROR;
				CLANG_WARN_DOCUMENTATION_COMMENTS = YES;
				CLANG_WARN_EMPTY_BODY = YES;
				CLANG_WARN_ENUM_CONVERSION = YES;
				CLANG_WARN_INFINITE_RECURSION = YES;
				CLANG_WARN_INT_CONVERSION = YES;
				CLANG_WARN_NON_LITERAL_NULL_CONVERSION = YES;
				CLANG_WARN_OBJC_IMPLICIT_RETAIN_SELF = YES;
				CLANG_WARN_OBJC_LITERAL_CONVERSION = YES;
				CLANG_WARN_OBJC_ROOT_CLASS = YES_ERROR;
				CLANG_WARN_QUOTED_INCLUDE_IN_FRAMEWORK_HEADER = YES;
				CLANG_WARN_RANGE_LOOP_ANALYSIS = YES;
				CLANG_WARN_STRICT_PROTOTYPES = YES;
				CLANG_WARN_SUSPICIOUS_MOVE = YES;
				CLANG_WARN_UNGUARDED_AVAILABILITY = YES_AGGRESSIVE;
				CLANG_WARN_UNREACHABLE_CODE = YES;
				CLANG_WARN__DUPLICATE_METHOD_MATCH = YES;
				COPY_PHASE_STRIP = NO;
				DEAD_CODE_STRIPPING = YES;
				DEBUG_INFORMATION_FORMAT = "dwarf-with-dsym";
				ENABLE_NS_ASSERTIONS = NO;
				ENABLE_STRICT_OBJC_MSGSEND = YES;
				GCC_C_LANGUAGE_STANDARD = gnu11;
				GCC_NO_COMMON_BLOCKS = YES;
				GCC_WARN_64_TO_32_BIT_CONVERSION = YES;
				GCC_WARN_ABOUT_RETURN_TYPE = YES_ERROR;
				GCC_WARN_UNDECLARED_SELECTOR = YES;
				GCC_WARN_UNINITIALIZED_AUTOS = YES_AGGRESSIVE;
				GCC_WARN_UNUSED_FUNCTION = YES;
				GCC_WARN_UNUSED_VARIABLE = YES;
				MTL_ENABLE_DEBUG_INFO = NO;
				PRODUCT_NAME = "$(TARGET_NAME)";
				VALIDATE_PRODUCT = YES;
			};
			name = Release;
		};
		EB1CC3A930E09FEBECF9195D /* Release */ = {
			isa = XCBuildConfiguration;
			buildSettings = {
				ASSETCATALOG_COMPILER_APPICON_NAME = AppIcon;
				CODE_SIGN_IDENTITY = "iPhone Developer";
				ENABLE_PREVIEWS = YES;
				INFOPLIST_FILE = "Derived/InfoPlists/App-Info.plist";
				IPHONEOS_DEPLOYMENT_TARGET = 13.0;
				LD_RUNPATH_SEARCH_PATHS = (
					"$(inherited)",
					"@executable_path/Frameworks",
				);
				PRODUCT_BUNDLE_IDENTIFIER = com.kjh.assignment;
				PRODUCT_NAME = App;
				SDKROOT = iphoneos;
				SUPPORTS_MACCATALYST = NO;
				SWIFT_COMPILATION_MODE = wholemodule;
				SWIFT_OPTIMIZATION_LEVEL = "-Owholemodule";
				SWIFT_VERSION = 5.0;
				TARGETED_DEVICE_FAMILY = 1;
			};
			name = Release;
		};
		F61063B78755D98B1B9C3697 /* Debug */ = {
			isa = XCBuildConfiguration;
			buildSettings = {
				ALWAYS_SEARCH_USER_PATHS = NO;
				CLANG_ANALYZER_LOCALIZABILITY_NONLOCALIZED = YES;
				CLANG_ANALYZER_NONNULL = YES;
				CLANG_ANALYZER_NUMBER_OBJECT_CONVERSION = YES_AGGRESSIVE;
				CLANG_CXX_LANGUAGE_STANDARD = "gnu++14";
				CLANG_CXX_LIBRARY = "libc++";
				CLANG_ENABLE_MODULES = YES;
				CLANG_ENABLE_OBJC_ARC = YES;
				CLANG_ENABLE_OBJC_WEAK = YES;
				CLANG_WARN_BLOCK_CAPTURE_AUTORELEASING = YES;
				CLANG_WARN_BOOL_CONVERSION = YES;
				CLANG_WARN_COMMA = YES;
				CLANG_WARN_CONSTANT_CONVERSION = YES;
				CLANG_WARN_DEPRECATED_OBJC_IMPLEMENTATIONS = YES;
				CLANG_WARN_DIRECT_OBJC_ISA_USAGE = YES_ERROR;
				CLANG_WARN_DOCUMENTATION_COMMENTS = YES;
				CLANG_WARN_EMPTY_BODY = YES;
				CLANG_WARN_ENUM_CONVERSION = YES;
				CLANG_WARN_INFINITE_RECURSION = YES;
				CLANG_WARN_INT_CONVERSION = YES;
				CLANG_WARN_NON_LITERAL_NULL_CONVERSION = YES;
				CLANG_WARN_OBJC_IMPLICIT_RETAIN_SELF = YES;
				CLANG_WARN_OBJC_LITERAL_CONVERSION = YES;
				CLANG_WARN_OBJC_ROOT_CLASS = YES_ERROR;
				CLANG_WARN_QUOTED_INCLUDE_IN_FRAMEWORK_HEADER = YES;
				CLANG_WARN_RANGE_LOOP_ANALYSIS = YES;
				CLANG_WARN_STRICT_PROTOTYPES = YES;
				CLANG_WARN_SUSPICIOUS_MOVE = YES;
				CLANG_WARN_UNGUARDED_AVAILABILITY = YES_AGGRESSIVE;
				CLANG_WARN_UNREACHABLE_CODE = YES;
				CLANG_WARN__DUPLICATE_METHOD_MATCH = YES;
				COPY_PHASE_STRIP = NO;
				DEAD_CODE_STRIPPING = YES;
				DEBUG_INFORMATION_FORMAT = dwarf;
				ENABLE_STRICT_OBJC_MSGSEND = YES;
				ENABLE_TESTABILITY = YES;
				GCC_C_LANGUAGE_STANDARD = gnu11;
				GCC_DYNAMIC_NO_PIC = NO;
				GCC_NO_COMMON_BLOCKS = YES;
				GCC_OPTIMIZATION_LEVEL = 0;
				GCC_PREPROCESSOR_DEFINITIONS = (
					"DEBUG=1",
					"$(inherited)",
				);
				GCC_WARN_64_TO_32_BIT_CONVERSION = YES;
				GCC_WARN_ABOUT_RETURN_TYPE = YES_ERROR;
				GCC_WARN_UNDECLARED_SELECTOR = YES;
				GCC_WARN_UNINITIALIZED_AUTOS = YES_AGGRESSIVE;
				GCC_WARN_UNUSED_FUNCTION = YES;
				GCC_WARN_UNUSED_VARIABLE = YES;
				MTL_ENABLE_DEBUG_INFO = YES;
				ONLY_ACTIVE_ARCH = YES;
				PRODUCT_NAME = "$(TARGET_NAME)";
			};
			name = Debug;
		};
/* End XCBuildConfiguration section */

/* Begin XCConfigurationList section */
		B3FD05C59F197F398A0B04AB /* Build configuration list for PBXProject "App" */ = {
			isa = XCConfigurationList;
			buildConfigurations = (
				F61063B78755D98B1B9C3697 /* Debug */,
				5C9EF0E6AF4F9491454DE177 /* Release */,
			);
			defaultConfigurationIsVisible = 0;
			defaultConfigurationName = Release;
		};
		FFC1863BD4026D2C17CBE82B /* Build configuration list for PBXNativeTarget "App" */ = {
			isa = XCConfigurationList;
			buildConfigurations = (
				4A0C935808978B5A7673E412 /* Debug */,
				EB1CC3A930E09FEBECF9195D /* Release */,
			);
			defaultConfigurationIsVisible = 0;
			defaultConfigurationName = Release;
		};
/* End XCConfigurationList section */
	};
	rootObject = 6B590BF25178DC7D824D09CE /* Project object */;
}
